
Microsoft Visual Studio Solution File, Format Version 12.00
# Visual Studio 2012
Project("{FAE04EC0-301F-11D3-BF4B-00C04F79EFBC}") = "StringBuilders", "StringBuilders_Arrays\StringBuilders.csproj", "{919D9386-31BD-48FB-A364-F1F67F075EDB}"
EndProject
Project("{FAE04EC0-301F-11D3-BF4B-00C04F79EFBC}") = "Arrays", "Arrays\Arrays.csproj", "{C0F6A041-3C00-461D-A87D-6D9FAB8AEFCC}"
EndProject
Global
	GlobalSection(SolutionConfigurationPlatforms) = preSolution
		Debug|Any CPU = Debug|Any CPU
		Release|Any CPU = Release|Any CPU
	EndGlobalSection
	GlobalSection(ProjectConfigurationPlatforms) = postSolution
		{919D9386-31BD-48FB-A364-F1F67F075EDB}.Debug|Any CPU.ActiveCfg = Debug|Any CPU
		{919D9386-31BD-48FB-A364-F1F67F075EDB}.Debug|Any CPU.Build.0 = Debug|Any CPU
		{919D9386-31BD-48FB-A364-F1F67F075EDB}.Release|Any CPU.ActiveCfg = Release|Any CPU
		{919D9386-31BD-48FB-A364-F1F67F075EDB}.Release|Any CPU.Build.0 = Release|Any CPU
		{C0F6A041-3C00-461D-A87D-6D9FAB8AEFCC}.Debug|Any CPU.ActiveCfg = Debug|Any CPU
		{C0F6A041-3C00-461D-A87D-6D9FAB8AEFCC}.Debug|Any CPU.Build.0 = Debug|Any CPU
		{C0F6A041-3C00-461D-A87D-6D9FAB8AEFCC}.Release|Any CPU.ActiveCfg = Release|Any CPU
		{C0F6A041-3C00-461D-A87D-6D9FAB8AEFCC}.Release|Any CPU.Build.0 = Release|Any CPU
	EndGlobalSection
	GlobalSection(SolutionProperties) = preSolution
		HideSolutionNode = FALSE
	EndGlobalSection
EndGlobal
